
Microsoft Visual Studio Solution File, Format Version 12.00
# Visual Studio Version 17
VisualStudioVersion = 17.7.34221.43
MinimumVisualStudioVersion = 10.0.40219.1
Project("{9A19103F-16F7-4668-BE54-9A1E7A4F7556}") = "WebTruyenTranh", "WebTruyenTranh\WebTruyenTranh.csproj", "{0EEECAD8-3B1D-41D8-ACE0-240434E3C1D4}"
	ProjectSection(ProjectDependencies) = postProject
		{225D768D-A8F2-47A2-B158-24597A58953F} = {225D768D-A8F2-47A2-B158-24597A58953F}
	EndProjectSection
EndProject
Project("{9A19103F-16F7-4668-BE54-9A1E7A4F7556}") = "BLL", "BLL\BLL.csproj", "{225D768D-A8F2-47A2-B158-24597A58953F}"
	ProjectSection(ProjectDependencies) = postProject
		{3D8DE506-33FF-4434-908A-DC4D3C9D860A} = {3D8DE506-33FF-4434-908A-DC4D3C9D860A}
	EndProjectSection
EndProject
Project("{9A19103F-16F7-4668-BE54-9A1E7A4F7556}") = "DAL", "DAL\DAL.csproj", "{3D8DE506-33FF-4434-908A-DC4D3C9D860A}"
EndProject
Global
	GlobalSection(SolutionConfigurationPlatforms) = preSolution
		Debug|Any CPU = Debug|Any CPU
		Debug|ARM = Debug|ARM
		Debug|ARM64 = Debug|ARM64
		Debug|x64 = Debug|x64
		Debug|x86 = Debug|x86
		Release|Any CPU = Release|Any CPU
		Release|ARM = Release|ARM
		Release|ARM64 = Release|ARM64
		Release|x64 = Release|x64
		Release|x86 = Release|x86
	EndGlobalSection
	GlobalSection(ProjectConfigurationPlatforms) = postSolution
		{0EEECAD8-3B1D-41D8-ACE0-240434E3C1D4}.Debug|Any CPU.ActiveCfg = Debug|Any CPU
		{0EEECAD8-3B1D-41D8-ACE0-240434E3C1D4}.Debug|Any CPU.Build.0 = Debug|Any CPU
		{0EEECAD8-3B1D-41D8-ACE0-240434E3C1D4}.Debug|ARM.ActiveCfg = Debug|Any CPU
		{0EEECAD8-3B1D-41D8-ACE0-240434E3C1D4}.Debug|ARM.Build.0 = Debug|Any CPU
		{0EEECAD8-3B1D-41D8-ACE0-240434E3C1D4}.Debug|ARM64.ActiveCfg = Debug|Any CPU
		{0EEECAD8-3B1D-41D8-ACE0-240434E3C1D4}.Debug|ARM64.Build.0 = Debug|Any CPU
		{0EEECAD8-3B1D-41D8-ACE0-240434E3C1D4}.Debug|x64.ActiveCfg = Debug|Any CPU
		{0EEECAD8-3B1D-41D8-ACE0-240434E3C1D4}.Debug|x64.Build.0 = Debug|Any CPU
		{0EEECAD8-3B1D-41D8-ACE0-240434E3C1D4}.Debug|x86.ActiveCfg = Debug|Any CPU
		{0EEECAD8-3B1D-41D8-ACE0-240434E3C1D4}.Debug|x86.Build.0 = Debug|Any CPU
		{0EEECAD8-3B1D-41D8-ACE0-240434E3C1D4}.Release|Any CPU.ActiveCfg = Release|Any CPU
		{0EEECAD8-3B1D-41D8-ACE0-240434E3C1D4}.Release|Any CPU.Build.0 = Release|Any CPU
		{0EEECAD8-3B1D-41D8-ACE0-240434E3C1D4}.Release|ARM.ActiveCfg = Release|Any CPU
		{0EEECAD8-3B1D-41D8-ACE0-240434E3C1D4}.Release|ARM.Build.0 = Release|Any CPU
		{0EEECAD8-3B1D-41D8-ACE0-240434E3C1D4}.Release|ARM64.ActiveCfg = Release|Any CPU
		{0EEECAD8-3B1D-41D8-ACE0-240434E3C1D4}.Release|ARM64.Build.0 = Release|Any CPU
		{0EEECAD8-3B1D-41D8-ACE0-240434E3C1D4}.Release|x64.ActiveCfg = Release|Any CPU
		{0EEECAD8-3B1D-41D8-ACE0-240434E3C1D4}.Release|x64.Build.0 = Release|Any CPU
		{0EEECAD8-3B1D-41D8-ACE0-240434E3C1D4}.Release|x86.ActiveCfg = Release|Any CPU
		{0EEECAD8-3B1D-41D8-ACE0-240434E3C1D4}.Release|x86.Build.0 = Release|Any CPU
		{225D768D-A8F2-47A2-B158-24597A58953F}.Debug|Any CPU.ActiveCfg = Debug|Any CPU
		{225D768D-A8F2-47A2-B158-24597A58953F}.Debug|Any CPU.Build.0 = Debug|Any CPU
		{225D768D-A8F2-47A2-B158-24597A58953F}.Debug|ARM.ActiveCfg = Debug|Any CPU
		{225D768D-A8F2-47A2-B158-24597A58953F}.Debug|ARM.Build.0 = Debug|Any CPU
		{225D768D-A8F2-47A2-B158-24597A58953F}.Debug|ARM64.ActiveCfg = Debug|Any CPU
		{225D768D-A8F2-47A2-B158-24597A58953F}.Debug|ARM64.Build.0 = Debug|Any CPU
		{225D768D-A8F2-47A2-B158-24597A58953F}.Debug|x64.ActiveCfg = Debug|Any CPU
		{225D768D-A8F2-47A2-B158-24597A58953F}.Debug|x64.Build.0 = Debug|Any CPU
		{225D768D-A8F2-47A2-B158-24597A58953F}.Debug|x86.ActiveCfg = Debug|Any CPU
		{225D768D-A8F2-47A2-B158-24597A58953F}.Debug|x86.Build.0 = Debug|Any CPU
		{225D768D-A8F2-47A2-B158-24597A58953F}.Release|Any CPU.ActiveCfg = Release|Any CPU
		{225D768D-A8F2-47A2-B158-24597A58953F}.Release|Any CPU.Build.0 = Release|Any CPU
		{225D768D-A8F2-47A2-B158-24597A58953F}.Release|ARM.ActiveCfg = Release|Any CPU
		{225D768D-A8F2-47A2-B158-24597A58953F}.Release|ARM.Build.0 = Release|Any CPU
		{225D768D-A8F2-47A2-B158-24597A58953F}.Release|ARM64.ActiveCfg = Release|Any CPU
		{225D768D-A8F2-47A2-B158-24597A58953F}.Release|ARM64.Build.0 = Release|Any CPU
		{225D768D-A8F2-47A2-B158-24597A58953F}.Release|x64.ActiveCfg = Release|Any CPU
		{225D768D-A8F2-47A2-B158-24597A58953F}.Release|x64.Build.0 = Release|Any CPU
		{225D768D-A8F2-47A2-B158-24597A58953F}.Release|x86.ActiveCfg = Release|Any CPU
		{225D768D-A8F2-47A2-B158-24597A58953F}.Release|x86.Build.0 = Release|Any CPU
		{3D8DE506-33FF-4434-908A-DC4D3C9D860A}.Debug|Any CPU.ActiveCfg = Debug|Any CPU
		{3D8DE506-33FF-4434-908A-DC4D3C9D860A}.Debug|Any CPU.Build.0 = Debug|Any CPU
		{3D8DE506-33FF-4434-908A-DC4D3C9D860A}.Debug|ARM.ActiveCfg = Debug|Any CPU
		{3D8DE506-33FF-4434-908A-DC4D3C9D860A}.Debug|ARM.Build.0 = Debug|Any CPU
		{3D8DE506-33FF-4434-908A-DC4D3C9D860A}.Debug|ARM64.ActiveCfg = Debug|Any CPU
		{3D8DE506-33FF-4434-908A-DC4D3C9D860A}.Debug|ARM64.Build.0 = Debug|Any CPU
		{3D8DE506-33FF-4434-908A-DC4D3C9D860A}.Debug|x64.ActiveCfg = Debug|Any CPU
		{3D8DE506-33FF-4434-908A-DC4D3C9D860A}.Debug|x64.Build.0 = Debug|Any CPU
		{3D8DE506-33FF-4434-908A-DC4D3C9D860A}.Debug|x86.ActiveCfg = Debug|Any CPU
		{3D8DE506-33FF-4434-908A-DC4D3C9D860A}.Debug|x86.Build.0 = Debug|Any CPU
		{3D8DE506-33FF-4434-908A-DC4D3C9D860A}.Release|Any CPU.ActiveCfg = Release|Any CPU
		{3D8DE506-33FF-4434-908A-DC4D3C9D860A}.Release|Any CPU.Build.0 = Release|Any CPU
		{3D8DE506-33FF-4434-908A-DC4D3C9D860A}.Release|ARM.ActiveCfg = Release|Any CPU
		{3D8DE506-33FF-4434-908A-DC4D3C9D860A}.Release|ARM.Build.0 = Release|Any CPU
		{3D8DE506-33FF-4434-908A-DC4D3C9D860A}.Release|ARM64.ActiveCfg = Release|Any CPU
		{3D8DE506-33FF-4434-908A-DC4D3C9D860A}.Release|ARM64.Build.0 = Release|Any CPU
		{3D8DE506-33FF-4434-908A-DC4D3C9D860A}.Release|x64.ActiveCfg = Release|Any CPU
		{3D8DE506-33FF-4434-908A-DC4D3C9D860A}.Release|x64.Build.0 = Release|Any CPU
		{3D8DE506-33FF-4434-908A-DC4D3C9D860A}.Release|x86.ActiveCfg = Release|Any CPU
		{3D8DE506-33FF-4434-908A-DC4D3C9D860A}.Release|x86.Build.0 = Release|Any CPU
	EndGlobalSection
	GlobalSection(SolutionProperties) = preSolution
		HideSolutionNode = FALSE
	EndGlobalSection
	GlobalSection(ExtensibilityGlobals) = postSolution
		SolutionGuid = {82A88FA3-276E-4365-B695-C585AD58E43A}
	EndGlobalSection
EndGlobal
